{
  "lockfileVersion": 2,
  "configVersion": 1,
  "workspaces": {
    "": {
      "name": "workspace",
      "dependencies": {
        "@replit/connectors-sdk": "^0.4.1",
      },
      "devDependencies": {
        "prettier": "^3.9.4",
        "typescript": "~5.9.3",
      },
    },
  },
  "packages": {
    "@replit/connectors-sdk": ["@replit/connectors-sdk@0.4.3", "", {}, "sha512-7XoaRty/O6JF161UkVBI8UewZ96XCNNN1kRvT9Q41IRH3xr+6ImylvXtirIghydDd2FCQvIkY4HQscOOr45otA=="],

    "prettier": ["prettier@3.9.6", "", { "bin": { "prettier": "bin/prettier.cjs" } }, "sha512-OpN0zzVdiaiAhxpuuj5efpIS4sY9j7bY6uR5mnj5yPzGkdkjNKSJeUThPb60Jw29QuAZgA4o+/iB49kFiaBX6g=="],

    "typescript": ["typescript@5.9.3", "", { "bin": { "tsc": "bin/tsc", "tsserver": "bin/tsserver" } }, "sha512-jl1vZzPDinLr9eUt3J/t7V6FgNEw9QjvBPdysz9KfQDD41fQrC2Y4vKQdiaUpFT4bXlb1RHhLpp8wtm6M5TgSw=="],
  }
}
